{
    "_readme": [
        "This file locks the dependencies of your project to a known state",
        "Read more about it at https://getcomposer.org/doc/01-basic-usage.md#installing-dependencies",
        "This file is @generated automatically"
    ],
    "content-hash": "dfe1320c537137e2b4d4b841d972b3ab",
    "packages": [
        {
            "name": "krowinski/bcmath-extended",
            "version": "6.0.1",
            "source": {
                "type": "git",
                "url": "https://github.com/krowinski/bcmath-extended.git",
                "reference": "140d71730689f7a80e1ba9270f20a3f7d9731680"
            },
            "dist": {
                "type": "zip",
                "url": "https://api.github.com/repos/krowinski/bcmath-extended/zipball/140d71730689f7a80e1ba9270f20a3f7d9731680",
                "reference": "140d71730689f7a80e1ba9270f20a3f7d9731680",
                "shasum": ""
            },
            "require": {
                "ext-bcmath": "*",
                "php": "^7.1|^8.0"
            },
            "require-dev": {
                "phpunit/phpunit": "^7.5|^8.0|^9.0"
            },
            "type": "library",
            "autoload": {
                "psr-4": {
                    "BCMathExtended\\": "src/BCMathExtended/"
                }
            },
            "notification-url": "https://packagist.org/downloads/",
            "license": [
                "MIT"
            ],
            "authors": [
                {
                    "name": "Kacper Rowiński",
                    "email": "kacper.rowinski@gmail.com"
                }
            ],
            "description": "Extends php BCMath lib for missing functions like floor, ceil, round, abs, min, max, rand for big numbers. Also wraps existing BCMath functions. (more http://php.net/manual/en/book.bc.php) Supports scientific notations",
            "keywords": [
                "Arbitrary-precision",
                "abs",
                "bc",
                "bcmath",
                "bignumber",
                "ceil",
                "complex-numbers",
                "floor",
                "math",
                "php",
                "precision",
                "rand",
                "round",
                "scientific-notation"
            ],
            "support": {
                "issues": "https://github.com/krowinski/bcmath-extended/issues",
                "source": "https://github.com/krowinski/bcmath-extended/tree/6.0.1"
            },
            "time": "2022-02-09T15:55:36+00:00"
        },
        {
            "name": "symfony/polyfill-uuid",
            "version": "v1.27.0",
            "source": {
                "type": "git",
                "url": "https://github.com/symfony/polyfill-uuid.git",
                "reference": "f3cf1a645c2734236ed1e2e671e273eeb3586166"
            },
            "dist": {
                "type": "zip",
                "url": "https://api.github.com/repos/symfony/polyfill-uuid/zipball/f3cf1a645c2734236ed1e2e671e273eeb3586166",
                "reference": "f3cf1a645c2734236ed1e2e671e273eeb3586166",
                "shasum": ""
            },
            "require": {
                "php": ">=7.1"
            },
            "provide": {
                "ext-uuid": "*"
            },
            "suggest": {
                "ext-uuid": "For best performance"
            },
            "type": "library",
            "extra": {
                "branch-alias": {
                    "dev-main": "1.27-dev"
                },
                "thanks": {
                    "name": "symfony/polyfill",
                    "url": "https://github.com/symfony/polyfill"
                }
            },
            "autoload": {
                "files": [
                    "bootstrap.php"
                ],
                "psr-4": {
                    "Symfony\\Polyfill\\Uuid\\": ""
                }
            },
            "notification-url": "https://packagist.org/downloads/",
            "license": [
                "MIT"
            ],
            "authors": [
                {
                    "name": "Grégoire Pineau",
                    "email": "lyrixx@lyrixx.info"
                },
                {
                    "name": "Symfony Community",
                    "homepage": "https://symfony.com/contributors"
                }
            ],
            "description": "Symfony polyfill for uuid functions",
            "homepage": "https://symfony.com",
            "keywords": [
                "compatibility",
                "polyfill",
                "portable",
                "uuid"
            ],
            "support": {
                "source": "https://github.com/symfony/polyfill-uuid/tree/v1.27.0"
            },
            "funding": [
                {
                    "url": "https://symfony.com/sponsor",
                    "type": "custom"
                },
                {
                    "url": "https://github.com/fabpot",
                    "type": "github"
                },
                {
                    "url": "https://tidelift.com/funding/github/packagist/symfony/symfony",
                    "type": "tidelift"
                }
            ],
            "time": "2022-11-03T14:55:06+00:00"
        },
        {
            "name": "symfony/uid",
            "version": "v6.2.0",
            "source": {
                "type": "git",
                "url": "https://github.com/symfony/uid.git",
                "reference": "4f9f537e57261519808a7ce1d941490736522bbc"
            },
            "dist": {
                "type": "zip",
                "url": "https://api.github.com/repos/symfony/uid/zipball/4f9f537e57261519808a7ce1d941490736522bbc",
                "reference": "4f9f537e57261519808a7ce1d941490736522bbc",
                "shasum": ""
            },
            "require": {
                "php": ">=8.1",
                "symfony/polyfill-uuid": "^1.15"
            },
            "require-dev": {
                "symfony/console": "^5.4|^6.0"
            },
            "type": "library",
            "autoload": {
                "psr-4": {
                    "Symfony\\Component\\Uid\\": ""
                },
                "exclude-from-classmap": [
                    "/Tests/"
                ]
            },
            "notification-url": "https://packagist.org/downloads/",
            "license": [
                "MIT"
            ],
            "authors": [
                {
                    "name": "Grégoire Pineau",
                    "email": "lyrixx@lyrixx.info"
                },
                {
                    "name": "Nicolas Grekas",
                    "email": "p@tchwork.com"
                },
                {
                    "name": "Symfony Community",
                    "homepage": "https://symfony.com/contributors"
                }
            ],
            "description": "Provides an object-oriented API to generate and represent UIDs",
            "homepage": "https://symfony.com",
            "keywords": [
                "UID",
                "ulid",
                "uuid"
            ],
            "support": {
                "source": "https://github.com/symfony/uid/tree/v6.2.0"
            },
            "funding": [
                {
                    "url": "https://symfony.com/sponsor",
                    "type": "custom"
                },
                {
                    "url": "https://github.com/fabpot",
                    "type": "github"
                },
                {
                    "url": "https://tidelift.com/funding/github/packagist/symfony/symfony",
                    "type": "tidelift"
                }
            ],
            "time": "2022-10-09T08:55:40+00:00"
        }
    ],
    "packages-dev": [],
    "aliases": [],
    "minimum-stability": "stable",
    "stability-flags": [],
    "prefer-stable": false,
    "prefer-lowest": false,
    "platform": {
        "php": "^8.1",
        "ext-openssl": "*"
    },
    "platform-dev": [],
    "plugin-api-version": "2.3.0"
}
